
Microsoft Visual Studio Solution File, Format Version 12.00
# Visual Studio Version 17
VisualStudioVersion = 17.10.35004.147
MinimumVisualStudioVersion = 10.0.40219.1
Project("{8BC9CEB8-8B4A-11D0-8D11-00A0C91BC942}") = "CLumoMap", "CLumoMap.vcxproj", "{B74D7E5F-FAB7-31A0-A973-F9D6D3F20001}"
EndProject
Global
	GlobalSection(SolutionConfigurationPlatforms) = preSolution
		Debug|x64 = Debug|x64
		Release|x64 = Release|x64
	EndGlobalSection
	GlobalSection(ProjectConfigurationPlatforms) = postSolution
		{B74D7E5F-FAB7-31A0-A973-F9D6D3F20001}.Debug|x64.ActiveCfg = Debug|x64
		{B74D7E5F-FAB7-31A0-A973-F9D6D3F20001}.Debug|x64.Build.0 = Debug|x64
		{B74D7E5F-FAB7-31A0-A973-F9D6D3F20001}.Release|x64.ActiveCfg = Release|x64
		{B74D7E5F-FAB7-31A0-A973-F9D6D3F20001}.Release|x64.Build.0 = Release|x64
	EndGlobalSection
	GlobalSection(SolutionProperties) = preSolution
		HideSolutionNode = FALSE
	EndGlobalSection
	GlobalSection(ExtensibilityGlobals) = postSolution
		SolutionGuid = {71CFAC13-BE2E-481C-A63D-65C424504650}
	EndGlobalSection
EndGlobal
